
Microsoft Visual Studio Solution File, Format Version 11.00
# Visual Studio 2010
Project("{FAE04EC0-301F-11D3-BF4B-00C04F79EFBC}") = "LongBar", "LongBar\LongBar.csproj", "{26F66528-1B38-4EDF-99A2-E241ED3E3AAB}"
EndProject
Project("{FAE04EC0-301F-11D3-BF4B-00C04F79EFBC}") = "Core", "Core\Core.csproj", "{6FED4AA1-9C65-436F-AA64-18645333FFAB}"
EndProject
Project("{FAE04EC0-301F-11D3-BF4B-00C04F79EFBC}") = "TileLib", "TileLib\TileLib.csproj", "{E9D551B9-C80A-41D6-915A-5C6C005547A8}"
EndProject
Project("{FAE04EC0-301F-11D3-BF4B-00C04F79EFBC}") = "TileSDK", "KSideBarTileLib\TileSDK.csproj", "{5C7CD956-F85C-47E6-9053-785EB66EB487}"
EndProject
Global
	GlobalSection(SolutionConfigurationPlatforms) = preSolution
		Debug|Any CPU = Debug|Any CPU
		Release|Any CPU = Release|Any CPU
	EndGlobalSection
	GlobalSection(ProjectConfigurationPlatforms) = postSolution
		{26F66528-1B38-4EDF-99A2-E241ED3E3AAB}.Debug|Any CPU.ActiveCfg = Debug|Any CPU
		{26F66528-1B38-4EDF-99A2-E241ED3E3AAB}.Debug|Any CPU.Build.0 = Debug|Any CPU
		{26F66528-1B38-4EDF-99A2-E241ED3E3AAB}.Release|Any CPU.ActiveCfg = Release|Any CPU
		{26F66528-1B38-4EDF-99A2-E241ED3E3AAB}.Release|Any CPU.Build.0 = Release|Any CPU
		{6FED4AA1-9C65-436F-AA64-18645333FFAB}.Debug|Any CPU.ActiveCfg = Debug|Any CPU
		{6FED4AA1-9C65-436F-AA64-18645333FFAB}.Debug|Any CPU.Build.0 = Debug|Any CPU
		{6FED4AA1-9C65-436F-AA64-18645333FFAB}.Release|Any CPU.ActiveCfg = Release|Any CPU
		{6FED4AA1-9C65-436F-AA64-18645333FFAB}.Release|Any CPU.Build.0 = Release|Any CPU
		{E9D551B9-C80A-41D6-915A-5C6C005547A8}.Debug|Any CPU.ActiveCfg = Debug|Any CPU
		{E9D551B9-C80A-41D6-915A-5C6C005547A8}.Debug|Any CPU.Build.0 = Debug|Any CPU
		{E9D551B9-C80A-41D6-915A-5C6C005547A8}.Release|Any CPU.ActiveCfg = Release|Any CPU
		{E9D551B9-C80A-41D6-915A-5C6C005547A8}.Release|Any CPU.Build.0 = Release|Any CPU
		{5C7CD956-F85C-47E6-9053-785EB66EB487}.Debug|Any CPU.ActiveCfg = Debug|Any CPU
		{5C7CD956-F85C-47E6-9053-785EB66EB487}.Debug|Any CPU.Build.0 = Debug|Any CPU
		{5C7CD956-F85C-47E6-9053-785EB66EB487}.Release|Any CPU.ActiveCfg = Release|Any CPU
		{5C7CD956-F85C-47E6-9053-785EB66EB487}.Release|Any CPU.Build.0 = Release|Any CPU
	EndGlobalSection
	GlobalSection(SolutionProperties) = preSolution
		HideSolutionNode = FALSE
	EndGlobalSection
EndGlobal
